
Microsoft Visual Studio Solution File, Format Version 12.00
# Visual Studio Version 17
VisualStudioVersion = 17.7.34031.279
MinimumVisualStudioVersion = 10.0.40219.1
Project("{FAE04EC0-301F-11D3-BF4B-00C04F79EFBC}") = "CameraTemp", "CameraTemp.csproj", "{9ABC126C-8574-4CA0-866F-C24897C3EC62}"
EndProject
Global
	GlobalSection(SolutionConfigurationPlatforms) = preSolution
		Debug|Any CPU = Debug|Any CPU
		Release|Any CPU = Release|Any CPU
	EndGlobalSection
	GlobalSection(ProjectConfigurationPlatforms) = postSolution
		{9ABC126C-8574-4CA0-866F-C24897C3EC62}.Debug|Any CPU.ActiveCfg = Debug|Any CPU
		{9ABC126C-8574-4CA0-866F-C24897C3EC62}.Debug|Any CPU.Build.0 = Debug|Any CPU
		{9ABC126C-8574-4CA0-866F-C24897C3EC62}.Release|Any CPU.ActiveCfg = Release|Any CPU
		{9ABC126C-8574-4CA0-866F-C24897C3EC62}.Release|Any CPU.Build.0 = Release|Any CPU
	EndGlobalSection
	GlobalSection(SolutionProperties) = preSolution
		HideSolutionNode = FALSE
	EndGlobalSection
	GlobalSection(ExtensibilityGlobals) = postSolution
		SolutionGuid = {A9340A6C-7A7E-4E67-A635-BAC8D349ABD7}
	EndGlobalSection
EndGlobal
